// !$*UTF8*$!
{
	archiveVersion = 1;
	classes = {
	};
	objectVersion = 56;
	objects = {

/* Begin PBXBuildFile section */
		82CF8E9E2BE4C31E00401121 /* UnitConverterAppApp.swift in Sources */ = {isa = PBXBuildFile; fileRef = 82CF8E9D2BE4C31E00401121 /* UnitConverterAppApp.swift */; };
		82CF8EA02BE4C31E00401121 /* ContentView.swift in Sources */ = {isa = PBXBuildFile; fileRef = 82CF8E9F2BE4C31E00401121 /* ContentView.swift */; };
		82CF8EA22BE4C32000401121 /* Assets.xcassets in Resources */ = {isa = PBXBuildFile; fileRef = 82CF8EA12BE4C32000401121 /* Assets.xcassets */; };
		82CF8EA52BE4C32000401121 /* Preview Assets.xcassets in Resources */ = {isa = PBXBuildFile; fileRef = 82CF8EA42BE4C32000401121 /* Preview Assets.xcassets */; };
		82CF8EAF2BE4C32000401121 /* UnitConverterAppTests.swift in Sources */ = {isa = PBXBuildFile; fileRef = 82CF8EAE2BE4C32000401121 /* UnitConverterAppTests.swift */; };
		82CF8EB92BE4C32000401121 /* UnitConverterAppUITests.swift in Sources */ = {isa = PBXBuildFile; fileRef = 82CF8EB82BE4C32000401121 /* UnitConverterAppUITests.swift */; };
		82CF8EBB2BE4C32000401121 /* UnitConverterAppUITestsLaunchTests.swift in Sources */ = {isa = PBXBuildFile; fileRef = 82CF8EBA2BE4C32000401121 /* UnitConverterAppUITestsLaunchTests.swift */; };
/* End PBXBuildFile section */

/* Begin PBXContainerItemProxy section */
		82CF8EAB2BE4C32000401121 /* PBXContainerItemProxy */ = {
			isa = PBXContainerItemProxy;
			containerPortal = 82CF8E922BE4C31D00401121 /* Project object */;
			proxyType = 1;
			remoteGlobalIDString = 82CF8E992BE4C31E00401121;
			remoteInfo = UnitConverterApp;
		};
		82CF8EB52BE4C32000401121 /* PBXContainerItemProxy */ = {
			isa = PBXContainerItemProxy;
			containerPortal = 82CF8E922BE4C31D00401121 /* Project object */;
			proxyType = 1;
			remoteGlobalIDString = 82CF8E992BE4C31E00401121;
			remoteInfo = UnitConverterApp;
		};
/* End PBXContainerItemProxy section */

/* Begin PBXFileReference section */
		82CF8E9A2BE4C31E00401121 /* UnitConverterApp.app */ = {isa = PBXFileReference; explicitFileType = wrapper.application; includeInIndex = 0; path = UnitConverterApp.app; sourceTree = BUILT_PRODUCTS_DIR; };
		82CF8E9D2BE4C31E00401121 /* UnitConverterAppApp.swift */ = {isa = PBXFileReference; lastKnownFileType = sourcecode.swift; path = UnitConverterAppApp.swift; sourceTree = "<group>"; };
		82CF8E9F2BE4C31E00401121 /* ContentView.swift */ = {isa = PBXFileReference; lastKnownFileType = sourcecode.swift; path = ContentView.swift; sourceTree = "<group>"; };
		82CF8EA12BE4C32000401121 /* Assets.xcassets */ = {isa = PBXFileReference; lastKnownFileType = folder.assetcatalog; path = Assets.xcassets; sourceTree = "<group>"; };
		82CF8EA42BE4C32000401121 /* Preview Assets.xcassets */ = {isa = PBXFileReference; lastKnownFileType = folder.assetcatalog; path = "Preview Assets.xcassets"; sourceTree = "<group>"; };
		82CF8EAA2BE4C32000401121 /* UnitConverterAppTests.xctest */ = {isa = PBXFileReference; explicitFileType = wrapper.cfbundle; includeInIndex = 0; path = UnitConverterAppTests.xctest; sourceTree = BUILT_PRODUCTS_DIR; };
		82CF8EAE2BE4C32000401121 /* UnitConverterAppTests.swift */ = {isa = PBXFileReference; lastKnownFileType = sourcecode.swift; path = UnitConverterAppTests.swift; sourceTree = "<group>"; };
		82CF8EB42BE4C32000401121 /* UnitConverterAppUITests.xctest */ = {isa = PBXFileReference; explicitFileType = wrapper.cfbundle; includeInIndex = 0; path = UnitConverterAppUITests.xctest; sourceTree = BUILT_PRODUCTS_DIR; };
		82CF8EB82BE4C32000401121 /* UnitConverterAppUITests.swift */ = {isa = PBXFileReference; lastKnownFileType = sourcecode.swift; path = UnitConverterAppUITests.swift; sourceTree = "<group>"; };
		82CF8EBA2BE4C32000401121 /* UnitConverterAppUITestsLaunchTests.swift */ = {isa = PBXFileReference; lastKnownFileType = sourcecode.swift; path = UnitConverterAppUITestsLaunchTests.swift; sourceTree = "<group>"; };
/* End PBXFileReference section */

/* Begin PBXFrameworksBuildPhase section */
		82CF8E972BE4C31E00401121 /* Frameworks */ = {
			isa = PBXFrameworksBuildPhase;
			buildActionMask = 2147483647;
			files = (
			);
			runOnlyForDeploymentPostprocessing = 0;
		};
		82CF8EA72BE4C32000401121 /* Frameworks */ = {
			isa = PBXFrameworksBuildPhase;
			buildActionMask = 2147483647;
			files = (
			);
			runOnlyForDeploymentPostprocessing = 0;
		};
		82CF8EB12BE4C32000401121 /* Frameworks */ = {
			isa = PBXFrameworksBuildPhase;
			buildActionMask = 2147483647;
			files = (
			);
			runOnlyForDeploymentPostprocessing = 0;
		};
/* End PBXFrameworksBuildPhase section */

/* Begin PBXGroup section */
		82CF8E912BE4C31D00401121 = {
			isa = PBXGroup;
			children = (
				82CF8E9C2BE4C31E00401121 /* UnitConverterApp */,
				82CF8EAD2BE4C32000401121 /* UnitConverterAppTests */,
				82CF8EB72BE4C32000401121 /* UnitConverterAppUITests */,
				82CF8E9B2BE4C31E00401121 /* Products */,
			);
			sourceTree = "<group>";
		};
		82CF8E9B2BE4C31E00401121 /* Products */ = {
			isa = PBXGroup;
			children = (
				82CF8E9A2BE4C31E00401121 /* UnitConverterApp.app */,
				82CF8EAA2BE4C32000401121 /* UnitConverterAppTests.xctest */,
				82CF8EB42BE4C32000401121 /* UnitConverterAppUITests.xctest */,
			);
			name = Products;
			sourceTree = "<group>";
		};
		82CF8E9C2BE4C31E00401121 /* UnitConverterApp */ = {
			isa = PBXGroup;
			children = (
				82CF8E9D2BE4C31E00401121 /* UnitConverterAppApp.swift */,
				82CF8E9F2BE4C31E00401121 /* ContentView.swift */,
				82CF8EA12BE4C32000401121 /* Assets.xcassets */,
				82CF8EA32BE4C32000401121 /* Preview Content */,
			);
			path = UnitConverterApp;
			sourceTree = "<group>";
		};
		82CF8EA32BE4C32000401121 /* Preview Content */ = {
			isa = PBXGroup;
			children = (
				82CF8EA42BE4C32000401121 /* Preview Assets.xcassets */,
			);
			path = "Preview Content";
			sourceTree = "<group>";
		};
		82CF8EAD2BE4C32000401121 /* UnitConverterAppTests */ = {
			isa = PBXGroup;
			children = (
				82CF8EAE2BE4C32000401121 /* UnitConverterAppTests.swift */,
			);
			path = UnitConverterAppTests;
			sourceTree = "<group>";
		};
		82CF8EB72BE4C32000401121 /* UnitConverterAppUITests */ = {
			isa = PBXGroup;
			children = (
				82CF8EB82BE4C32000401121 /* UnitConverterAppUITests.swift */,
				82CF8EBA2BE4C32000401121 /* UnitConverterAppUITestsLaunchTests.swift */,
			);
			path = UnitConverterAppUITests;
			sourceTree = "<group>";
		};
/* End PBXGroup section */

/* Begin PBXNativeTarget section */
		82CF8E992BE4C31E00401121 /* UnitConverterApp */ = {
			isa = PBXNativeTarget;
			buildConfigurationList = 82CF8EBE2BE4C32000401121 /* Build configuration list for PBXNativeTarget "UnitConverterApp" */;
			buildPhases = (
				82CF8E962BE4C31E00401121 /* Sources */,
				82CF8E972BE4C31E00401121 /* Frameworks */,
				82CF8E982BE4C31E00401121 /* Resources */,
			);
			buildRules = (
			);
			dependencies = (
			);
			name = UnitConverterApp;
			productName = UnitConverterApp;
			productReference = 82CF8E9A2BE4C31E00401121 /* UnitConverterApp.app */;
			productType = "com.apple.product-type.application";
		};
		82CF8EA92BE4C32000401121 /* UnitConverterAppTests */ = {
			isa = PBXNativeTarget;
			buildConfigurationList = 82CF8EC12BE4C32000401121 /* Build configuration list for PBXNativeTarget "UnitConverterAppTests" */;
			buildPhases = (
				82CF8EA62BE4C32000401121 /* Sources */,
				82CF8EA72BE4C32000401121 /* Frameworks */,
				82CF8EA82BE4C32000401121 /* Resources */,
			);
			buildRules = (
			);
			dependencies = (
				82CF8EAC2BE4C32000401121 /* PBXTargetDependency */,
			);
			name = UnitConverterAppTests;
			productName = UnitConverterAppTests;
			productReference = 82CF8EAA2BE4C32000401121 /* UnitConverterAppTests.xctest */;
			productType = "com.apple.product-type.bundle.unit-test";
		};
		82CF8EB32BE4C32000401121 /* UnitConverterAppUITests */ = {
			isa = PBXNativeTarget;
			buildConfigurationList = 82CF8EC42BE4C32000401121 /* Build configuration list for PBXNativeTarget "UnitConverterAppUITests" */;
			buildPhases = (
				82CF8EB02BE4C32000401121 /* Sources */,
				82CF8EB12BE4C32000401121 /* Frameworks */,
				82CF8EB22BE4C32000401121 /* Resources */,
			);
			buildRules = (
			);
			dependencies = (
				82CF8EB62BE4C32000401121 /* PBXTargetDependency */,
			);
			name = UnitConverterAppUITests;
			productName = UnitConverterAppUITests;
			productReference = 82CF8EB42BE4C32000401121 /* UnitConverterAppUITests.xctest */;
			productType = "com.apple.product-type.bundle.ui-testing";
		};
/* End PBXNativeTarget section */

/* Begin PBXProject section */
		82CF8E922BE4C31D00401121 /* Project object */ = {
			isa = PBXProject;
			attributes = {
				BuildIndependentTargetsInParallel = 1;
				LastSwiftUpdateCheck = 1530;
				LastUpgradeCheck = 1530;
				TargetAttributes = {
					82CF8E992BE4C31E00401121 = {
						CreatedOnToolsVersion = 15.3;
					};
					82CF8EA92BE4C32000401121 = {
						CreatedOnToolsVersion = 15.3;
						TestTargetID = 82CF8E992BE4C31E00401121;
					};
					82CF8EB32BE4C32000401121 = {
						CreatedOnToolsVersion = 15.3;
						TestTargetID = 82CF8E992BE4C31E00401121;
					};
				};
			};
			buildConfigurationList = 82CF8E952BE4C31E00401121 /* Build configuration list for PBXProject "UnitConverterApp" */;
			compatibilityVersion = "Xcode 14.0";
			developmentRegion = en;
			hasScannedForEncodings = 0;
			knownRegions = (
				en,
				Base,
			);
			mainGroup = 82CF8E912BE4C31D00401121;
			productRefGroup = 82CF8E9B2BE4C31E00401121 /* Products */;
			projectDirPath = "";
			projectRoot = "";
			targets = (
				82CF8E992BE4C31E00401121 /* UnitConverterApp */,
				82CF8EA92BE4C32000401121 /* UnitConverterAppTests */,
				82CF8EB32BE4C32000401121 /* UnitConverterAppUITests */,
			);
		};
/* End PBXProject section */

/* Begin PBXResourcesBuildPhase section */
		82CF8E982BE4C31E00401121 /* Resources */ = {
			isa = PBXResourcesBuildPhase;
			buildActionMask = 2147483647;
			files = (
				82CF8EA52BE4C32000401121 /* Preview Assets.xcassets in Resources */,
				82CF8EA22BE4C32000401121 /* Assets.xcassets in Resources */,
			);
			runOnlyForDeploymentPostprocessing = 0;
		};
		82CF8EA82BE4C32000401121 /* Resources */ = {
			isa = PBXResourcesBuildPhase;
			buildActionMask = 2147483647;
			files = (
			);
			runOnlyForDeploymentPostprocessing = 0;
		};
		82CF8EB22BE4C32000401121 /* Resources */ = {
			isa = PBXResourcesBuildPhase;
			buildActionMask = 2147483647;
			files = (
			);
			runOnlyForDeploymentPostprocessing = 0;
		};
/* End PBXResourcesBuildPhase section */

/* Begin PBXSourcesBuildPhase section */
		82CF8E962BE4C31E00401121 /* Sources */ = {
			isa = PBXSourcesBuildPhase;
			buildActionMask = 2147483647;
			files = (
				82CF8EA02BE4C31E00401121 /* ContentView.swift in Sources */,
				82CF8E9E2BE4C31E00401121 /* UnitConverterAppApp.swift in Sources */,
			);
			runOnlyForDeploymentPostprocessing = 0;
		};
		82CF8EA62BE4C32000401121 /* Sources */ = {
			isa = PBXSourcesBuildPhase;
			buildActionMask = 2147483647;
			files = (
				82CF8EAF2BE4C32000401121 /* UnitConverterAppTests.swift in Sources */,
			);
			runOnlyForDeploymentPostprocessing = 0;
		};
		82CF8EB02BE4C32000401121 /* Sources */ = {
			isa = PBXSourcesBuildPhase;
			buildActionMask = 2147483647;
			files = (
				82CF8EB92BE4C32000401121 /* UnitConverterAppUITests.swift in Sources */,
				82CF8EBB2BE4C32000401121 /* UnitConverterAppUITestsLaunchTests.swift in Sources */,
			);
			runOnlyForDeploymentPostprocessing = 0;
		};
/* End PBXSourcesBuildPhase section */

/* Begin PBXTargetDependency section */
		82CF8EAC2BE4C32000401121 /* PBXTargetDependency */ = {
			isa = PBXTargetDependency;
			target = 82CF8E992BE4C31E00401121 /* UnitConverterApp */;
			targetProxy = 82CF8EAB2BE4C32000401121 /* PBXContainerItemProxy */;
		};
		82CF8EB62BE4C32000401121 /* PBXTargetDependency */ = {
			isa = PBXTargetDependency;
			target = 82CF8E992BE4C31E00401121 /* UnitConverterApp */;
			targetProxy = 82CF8EB52BE4C32000401121 /* PBXContainerItemProxy */;
		};
/* End PBXTargetDependency section */

/* Begin XCBuildConfiguration section */
		82CF8EBC2BE4C32000401121 /* Debug */ = {
			isa = XCBuildConfiguration;
			buildSettings = {
				ALWAYS_SEARCH_USER_PATHS = NO;
				ASSETCATALOG_COMPILER_GENERATE_SWIFT_ASSET_SYMBOL_EXTENSIONS = YES;
				CLANG_ANALYZER_NONNULL = YES;
				CLANG_ANALYZER_NUMBER_OBJECT_CONVERSION = YES_AGGRESSIVE;
				CLANG_CXX_LANGUAGE_STANDARD = "gnu++20";
				CLANG_ENABLE_MODULES = YES;
				CLANG_ENABLE_OBJC_ARC = YES;
				CLANG_ENABLE_OBJC_WEAK = YES;
				CLANG_WARN_BLOCK_CAPTURE_AUTORELEASING = YES;
				CLANG_WARN_BOOL_CONVERSION = YES;
				CLANG_WARN_COMMA = YES;
				CLANG_WARN_CONSTANT_CONVERSION = YES;
				CLANG_WARN_DEPRECATED_OBJC_IMPLEMENTATIONS = YES;
				CLANG_WARN_DIRECT_OBJC_ISA_USAGE = YES_ERROR;
				CLANG_WARN_DOCUMENTATION_COMMENTS = YES;
				CLANG_WARN_EMPTY_BODY = YES;
				CLANG_WARN_ENUM_CONVERSION = YES;
				CLANG_WARN_INFINITE_RECURSION = YES;
				CLANG_WARN_INT_CONVERSION = YES;
				CLANG_WARN_NON_LITERAL_NULL_CONVERSION = YES;
				CLANG_WARN_OBJC_IMPLICIT_RETAIN_SELF = YES;
				CLANG_WARN_OBJC_LITERAL_CONVERSION = YES;
				CLANG_WARN_OBJC_ROOT_CLASS = YES_ERROR;
				CLANG_WARN_QUOTED_INCLUDE_IN_FRAMEWORK_HEADER = YES;
				CLANG_WARN_RANGE_LOOP_ANALYSIS = YES;
				CLANG_WARN_STRICT_PROTOTYPES = YES;
				CLANG_WARN_SUSPICIOUS_MOVE = YES;
				CLANG_WARN_UNGUARDED_AVAILABILITY = YES_AGGRESSIVE;
				CLANG_WARN_UNREACHABLE_CODE = YES;
				CLANG_WARN__DUPLICATE_METHOD_MATCH = YES;
				COPY_PHASE_STRIP = NO;
				DEBUG_INFORMATION_FORMAT = dwarf;
				ENABLE_STRICT_OBJC_MSGSEND = YES;
				ENABLE_TESTABILITY = YES;
				ENABLE_USER_SCRIPT_SANDBOXING = YES;
				GCC_C_LANGUAGE_STANDARD = gnu17;
				GCC_DYNAMIC_NO_PIC = NO;
				GCC_NO_COMMON_BLOCKS = YES;
				GCC_OPTIMIZATION_LEVEL = 0;
				GCC_PREPROCESSOR_DEFINITIONS = (
					"DEBUG=1",
					"$(inherited)",
				);
				GCC_WARN_64_TO_32_BIT_CONVERSION = YES;
				GCC_WARN_ABOUT_RETURN_TYPE = YES_ERROR;
				GCC_WARN_UNDECLARED_SELECTOR = YES;
				GCC_WARN_UNINITIALIZED_AUTOS = YES_AGGRESSIVE;
				GCC_WARN_UNUSED_FUNCTION = YES;
				GCC_WARN_UNUSED_VARIABLE = YES;
				IPHONEOS_DEPLOYMENT_TARGET = 17.4;
				LOCALIZATION_PREFERS_STRING_CATALOGS = YES;
				MTL_ENABLE_DEBUG_INFO = INCLUDE_SOURCE;
				MTL_FAST_MATH = YES;
				ONLY_ACTIVE_ARCH = YES;
				SDKROOT = iphoneos;
				SWIFT_ACTIVE_COMPILATION_CONDITIONS = "DEBUG $(inherited)";
				SWIFT_OPTIMIZATION_LEVEL = "-Onone";
			};
			name = Debug;
		};
		82CF8EBD2BE4C32000401121 /* Release */ = {
			isa = XCBuildConfiguration;
			buildSettings = {
				ALWAYS_SEARCH_USER_PATHS = NO;
				ASSETCATALOG_COMPILER_GENERATE_SWIFT_ASSET_SYMBOL_EXTENSIONS = YES;
				CLANG_ANALYZER_NONNULL = YES;
				CLANG_ANALYZER_NUMBER_OBJECT_CONVERSION = YES_AGGRESSIVE;
				CLANG_CXX_LANGUAGE_STANDARD = "gnu++20";
				CLANG_ENABLE_MODULES = YES;
				CLANG_ENABLE_OBJC_ARC = YES;
				CLANG_ENABLE_OBJC_WEAK = YES;
				CLANG_WARN_BLOCK_CAPTURE_AUTORELEASING = YES;
				CLANG_WARN_BOOL_CONVERSION = YES;
				CLANG_WARN_COMMA = YES;
				CLANG_WARN_CONSTANT_CONVERSION = YES;
				CLANG_WARN_DEPRECATED_OBJC_IMPLEMENTATIONS = YES;
				CLANG_WARN_DIRECT_OBJC_ISA_USAGE = YES_ERROR;
				CLANG_WARN_DOCUMENTATION_COMMENTS = YES;
				CLANG_WARN_EMPTY_BODY = YES;
				CLANG_WARN_ENUM_CONVERSION = YES;
				CLANG_WARN_INFINITE_RECURSION = YES;
				CLANG_WARN_INT_CONVERSION = YES;
				CLANG_WARN_NON_LITERAL_NULL_CONVERSION = YES;
				CLANG_WARN_OBJC_IMPLICIT_RETAIN_SELF = YES;
				CLANG_WARN_OBJC_LITERAL_CONVERSION = YES;
				CLANG_WARN_OBJC_ROOT_CLASS = YES_ERROR;
				CLANG_WARN_QUOTED_INCLUDE_IN_FRAMEWORK_HEADER = YES;
				CLANG_WARN_RANGE_LOOP_ANALYSIS = YES;
				CLANG_WARN_STRICT_PROTOTYPES = YES;
				CLANG_WARN_SUSPICIOUS_MOVE = YES;
				CLANG_WARN_UNGUARDED_AVAILABILITY = YES_AGGRESSIVE;
				CLANG_WARN_UNREACHABLE_CODE = YES;
				CLANG_WARN__DUPLICATE_METHOD_MATCH = YES;
				COPY_PHASE_STRIP = NO;
				DEBUG_INFORMATION_FORMAT = "dwarf-with-dsym";
				ENABLE_NS_ASSERTIONS = NO;
				ENABLE_STRICT_OBJC_MSGSEND = YES;
				ENABLE_USER_SCRIPT_SANDBOXING = YES;
				GCC_C_LANGUAGE_STANDARD = gnu17;
				GCC_NO_COMMON_BLOCKS = YES;
				GCC_WARN_64_TO_32_BIT_CONVERSION = YES;
				GCC_WARN_ABOUT_RETURN_TYPE = YES_ERROR;
				GCC_WARN_UNDECLARED_SELECTOR = YES;
				GCC_WARN_UNINITIALIZED_AUTOS = YES_AGGRESSIVE;
				GCC_WARN_UNUSED_FUNCTION = YES;
				GCC_WARN_UNUSED_VARIABLE = YES;
				IPHONEOS_DEPLOYMENT_TARGET = 17.4;
				LOCALIZATION_PREFERS_STRING_CATALOGS = YES;
				MTL_ENABLE_DEBUG_INFO = NO;
				MTL_FAST_MATH = YES;
				SDKROOT = iphoneos;
				SWIFT_COMPILATION_MODE = wholemodule;
				VALIDATE_PRODUCT = YES;
			};
			name = Release;
		};
		82CF8EBF2BE4C32000401121 /* Debug */ = {
			isa = XCBuildConfiguration;
			buildSettings = {
				ASSETCATALOG_COMPILER_APPICON_NAME = AppIcon;
				ASSETCATALOG_COMPILER_GLOBAL_ACCENT_COLOR_NAME = AccentColor;
				CODE_SIGN_STYLE = Automatic;
				CURRENT_PROJECT_VERSION = 1;
				DEVELOPMENT_ASSET_PATHS = "\"UnitConverterApp/Preview Content\"";
				ENABLE_PREVIEWS = YES;
				GENERATE_INFOPLIST_FILE = YES;
				INFOPLIST_KEY_UIApplicationSceneManifest_Generation = YES;
				INFOPLIST_KEY_UIApplicationSupportsIndirectInputEvents = YES;
				INFOPLIST_KEY_UILaunchScreen_Generation = YES;
				INFOPLIST_KEY_UISupportedInterfaceOrientations_iPad = "UIInterfaceOrientationPortrait UIInterfaceOrientationPortraitUpsideDown UIInterfaceOrientationLandscapeLeft UIInterfaceOrientationLandscapeRight";
				INFOPLIST_KEY_UISupportedInterfaceOrientations_iPhone = "UIInterfaceOrientationPortrait UIInterfaceOrientationLandscapeLeft UIInterfaceOrientationLandscapeRight";
				LD_RUNPATH_SEARCH_PATHS = (
					"$(inherited)",
					"@executable_path/Frameworks",
				);
				MARKETING_VERSION = 1.0;
				PRODUCT_BUNDLE_IDENTIFIER = UI.UnitConverterApp;
				PRODUCT_NAME = "$(TARGET_NAME)";
				SWIFT_EMIT_LOC_STRINGS = YES;
				SWIFT_VERSION = 5.0;
				TARGETED_DEVICE_FAMILY = "1,2";
			};
			name = Debug;
		};
		82CF8EC02BE4C32000401121 /* Release */ = {
			isa = XCBuildConfiguration;
			buildSettings = {
				ASSETCATALOG_COMPILER_APPICON_NAME = AppIcon;
				ASSETCATALOG_COMPILER_GLOBAL_ACCENT_COLOR_NAME = AccentColor;
				CODE_SIGN_STYLE = Automatic;
				CURRENT_PROJECT_VERSION = 1;
				DEVELOPMENT_ASSET_PATHS = "\"UnitConverterApp/Preview Content\"";
				ENABLE_PREVIEWS = YES;
				GENERATE_INFOPLIST_FILE = YES;
				INFOPLIST_KEY_UIApplicationSceneManifest_Generation = YES;
				INFOPLIST_KEY_UIApplicationSupportsIndirectInputEvents = YES;
				INFOPLIST_KEY_UILaunchScreen_Generation = YES;
				INFOPLIST_KEY_UISupportedInterfaceOrientations_iPad = "UIInterfaceOrientationPortrait UIInterfaceOrientationPortraitUpsideDown UIInterfaceOrientationLandscapeLeft UIInterfaceOrientationLandscapeRight";
				INFOPLIST_KEY_UISupportedInterfaceOrientations_iPhone = "UIInterfaceOrientationPortrait UIInterfaceOrientationLandscapeLeft UIInterfaceOrientationLandscapeRight";
				LD_RUNPATH_SEARCH_PATHS = (
					"$(inherited)",
					"@executable_path/Frameworks",
				);
				MARKETING_VERSION = 1.0;
				PRODUCT_BUNDLE_IDENTIFIER = UI.UnitConverterApp;
				PRODUCT_NAME = "$(TARGET_NAME)";
				SWIFT_EMIT_LOC_STRINGS = YES;
				SWIFT_VERSION = 5.0;
				TARGETED_DEVICE_FAMILY = "1,2";
			};
			name = Release;
		};
		82CF8EC22BE4C32000401121 /* Debug */ = {
			isa = XCBuildConfiguration;
			buildSettings = {
				ALWAYS_EMBED_SWIFT_STANDARD_LIBRARIES = YES;
				BUNDLE_LOADER = "$(TEST_HOST)";
				CODE_SIGN_STYLE = Automatic;
				CURRENT_PROJECT_VERSION = 1;
				GENERATE_INFOPLIST_FILE = YES;
				IPHONEOS_DEPLOYMENT_TARGET = 17.4;
				MARKETING_VERSION = 1.0;
				PRODUCT_BUNDLE_IDENTIFIER = UI.UnitConverterAppTests;
				PRODUCT_NAME = "$(TARGET_NAME)";
				SWIFT_EMIT_LOC_STRINGS = NO;
				SWIFT_VERSION = 5.0;
				TARGETED_DEVICE_FAMILY = "1,2";
				TEST_HOST = "$(BUILT_PRODUCTS_DIR)/UnitConverterApp.app/$(BUNDLE_EXECUTABLE_FOLDER_PATH)/UnitConverterApp";
			};
			name = Debug;
		};
		82CF8EC32BE4C32000401121 /* Release */ = {
			isa = XCBuildConfiguration;
			buildSettings = {
				ALWAYS_EMBED_SWIFT_STANDARD_LIBRARIES = YES;
				BUNDLE_LOADER = "$(TEST_HOST)";
				CODE_SIGN_STYLE = Automatic;
				CURRENT_PROJECT_VERSION = 1;
				GENERATE_INFOPLIST_FILE = YES;
				IPHONEOS_DEPLOYMENT_TARGET = 17.4;
				MARKETING_VERSION = 1.0;
				PRODUCT_BUNDLE_IDENTIFIER = UI.UnitConverterAppTests;
				PRODUCT_NAME = "$(TARGET_NAME)";
				SWIFT_EMIT_LOC_STRINGS = NO;
				SWIFT_VERSION = 5.0;
				TARGETED_DEVICE_FAMILY = "1,2";
				TEST_HOST = "$(BUILT_PRODUCTS_DIR)/UnitConverterApp.app/$(BUNDLE_EXECUTABLE_FOLDER_PATH)/UnitConverterApp";
			};
			name = Release;
		};
		82CF8EC52BE4C32000401121 /* Debug */ = {
			isa = XCBuildConfiguration;
			buildSettings = {
				ALWAYS_EMBED_SWIFT_STANDARD_LIBRARIES = YES;
				CODE_SIGN_STYLE = Automatic;
				CURRENT_PROJECT_VERSION = 1;
				GENERATE_INFOPLIST_FILE = YES;
				MARKETING_VERSION = 1.0;
				PRODUCT_BUNDLE_IDENTIFIER = UI.UnitConverterAppUITests;
				PRODUCT_NAME = "$(TARGET_NAME)";
				SWIFT_EMIT_LOC_STRINGS = NO;
				SWIFT_VERSION = 5.0;
				TARGETED_DEVICE_FAMILY = "1,2";
				TEST_TARGET_NAME = UnitConverterApp;
			};
			name = Debug;
		};
		82CF8EC62BE4C32000401121 /* Release */ = {
			isa = XCBuildConfiguration;
			buildSettings = {
				ALWAYS_EMBED_SWIFT_STANDARD_LIBRARIES = YES;
				CODE_SIGN_STYLE = Automatic;
				CURRENT_PROJECT_VERSION = 1;
				GENERATE_INFOPLIST_FILE = YES;
				MARKETING_VERSION = 1.0;
				PRODUCT_BUNDLE_IDENTIFIER = UI.UnitConverterAppUITests;
				PRODUCT_NAME = "$(TARGET_NAME)";
				SWIFT_EMIT_LOC_STRINGS = NO;
				SWIFT_VERSION = 5.0;
				TARGETED_DEVICE_FAMILY = "1,2";
				TEST_TARGET_NAME = UnitConverterApp;
			};
			name = Release;
		};
/* End XCBuildConfiguration section */

/* Begin XCConfigurationList section */
		82CF8E952BE4C31E00401121 /* Build configuration list for PBXProject "UnitConverterApp" */ = {
			isa = XCConfigurationList;
			buildConfigurations = (
				82CF8EBC2BE4C32000401121 /* Debug */,
				82CF8EBD2BE4C32000401121 /* Release */,
			);
			defaultConfigurationIsVisible = 0;
			defaultConfigurationName = Release;
		};
		82CF8EBE2BE4C32000401121 /* Build configuration list for PBXNativeTarget "UnitConverterApp" */ = {
			isa = XCConfigurationList;
			buildConfigurations = (
				82CF8EBF2BE4C32000401121 /* Debug */,
				82CF8EC02BE4C32000401121 /* Release */,
			);
			defaultConfigurationIsVisible = 0;
			defaultConfigurationName = Release;
		};
		82CF8EC12BE4C32000401121 /* Build configuration list for PBXNativeTarget "UnitConverterAppTests" */ = {
			isa = XCConfigurationList;
			buildConfigurations = (
				82CF8EC22BE4C32000401121 /* Debug */,
				82CF8EC32BE4C32000401121 /* Release */,
			);
			defaultConfigurationIsVisible = 0;
			defaultConfigurationName = Release;
		};
		82CF8EC42BE4C32000401121 /* Build configuration list for PBXNativeTarget "UnitConverterAppUITests" */ = {
			isa = XCConfigurationList;
			buildConfigurations = (
				82CF8EC52BE4C32000401121 /* Debug */,
				82CF8EC62BE4C32000401121 /* Release */,
			);
			defaultConfigurationIsVisible = 0;
			defaultConfigurationName = Release;
		};
/* End XCConfigurationList section */
	};
	rootObject = 82CF8E922BE4C31D00401121 /* Project object */;
}
